{
  "name": "codecommit-backlog",
  "version": "1.0.0",
  "lockfileVersion": 1,
  "requires": true,
  "dependencies": {
    "@aws-crypto/ie11-detection": {
      "version": "1.0.0",
      "resolved": "https://registry.npmjs.org/@aws-crypto/ie11-detection/-/ie11-detection-1.0.0.tgz",
      "integrity": "sha512-kCKVhCF1oDxFYgQrxXmIrS5oaWulkvRcPz+QBDMsUr2crbF4VGgGT6+uQhSwJFdUAQ2A//Vq+uT83eJrkzFgXA==",
      "requires": {
        "tslib": "^1.11.1"
      },
      "dependencies": {
        "tslib": {
          "version": "1.14.1",
          "resolved": "https://registry.npmjs.org/tslib/-/tslib-1.14.1.tgz",
          "integrity": "sha512-Xni35NKzjgMrwevysHTCArtLDpPvye8zV/0E4EyYn43P7/7qvQwPh9BGkHewbMulVntbigmcT7rdX3BNo9wRJg=="
        }
      }
    },
    "@aws-crypto/sha256-browser": {
      "version": "1.1.1",
      "resolved": "https://registry.npmjs.org/@aws-crypto/sha256-browser/-/sha256-browser-1.1.1.tgz",
      "integrity": "sha512-nS4vdan97It6HcweV58WXtjPbPSc0JXd3sAwlw3Ou5Mc3WllSycAS32Tv2LRn8butNQoU9AE3jEQAOgiMdNC1Q==",
      "requires": {
        "@aws-crypto/ie11-detection": "^1.0.0",
        "@aws-crypto/sha256-js": "^1.1.0",
        "@aws-crypto/supports-web-crypto": "^1.0.0",
        "@aws-sdk/types": "^3.1.0",
        "@aws-sdk/util-locate-window": "^3.0.0",
        "@aws-sdk/util-utf8-browser": "^3.0.0",
        "tslib": "^1.11.1"
      },
      "dependencies": {
        "tslib": {
          "version": "1.14.1",
          "resolved": "https://registry.npmjs.org/tslib/-/tslib-1.14.1.tgz",
          "integrity": "sha512-Xni35NKzjgMrwevysHTCArtLDpPvye8zV/0E4EyYn43P7/7qvQwPh9BGkHewbMulVntbigmcT7rdX3BNo9wRJg=="
        }
      }
    },
    "@aws-crypto/sha256-js": {
      "version": "1.1.0",
      "resolved": "https://registry.npmjs.org/@aws-crypto/sha256-js/-/sha256-js-1.1.0.tgz",
      "integrity": "sha512-VIhuqbPgXDVr8sZe2yhgQcDRRmzf4CI8fmC1A3bHiRfE6wlz1d8KpeemqbuoEHotz/Dch9yOxlshyQDNjNFeHA==",
      "requires": {
        "@aws-sdk/types": "^3.1.0",
        "@aws-sdk/util-utf8-browser": "^3.0.0",
        "tslib": "^1.11.1"
      },
      "dependencies": {
        "tslib": {
          "version": "1.14.1",
          "resolved": "https://registry.npmjs.org/tslib/-/tslib-1.14.1.tgz",
          "integrity": "sha512-Xni35NKzjgMrwevysHTCArtLDpPvye8zV/0E4EyYn43P7/7qvQwPh9BGkHewbMulVntbigmcT7rdX3BNo9wRJg=="
        }
      }
    },
    "@aws-crypto/supports-web-crypto": {
      "version": "1.0.0",
      "resolved": "https://registry.npmjs.org/@aws-crypto/supports-web-crypto/-/supports-web-crypto-1.0.0.tgz",
      "integrity": "sha512-IHLfv+WmVH89EW4n6a5eE8/hUlz6qkWGMn/v4r5ZgzcXdTC5nolii2z3k46y01hWRiC2PPhOdeSLzMUCUMco7g==",
      "requires": {
        "tslib": "^1.11.1"
      },
      "dependencies": {
        "tslib": {
          "version": "1.14.1",
          "resolved": "https://registry.npmjs.org/tslib/-/tslib-1.14.1.tgz",
          "integrity": "sha512-Xni35NKzjgMrwevysHTCArtLDpPvye8zV/0E4EyYn43P7/7qvQwPh9BGkHewbMulVntbigmcT7rdX3BNo9wRJg=="
        }
      }
    },
    "@aws-sdk/abort-controller": {
      "version": "3.25.0",
      "resolved": "https://registry.npmjs.org/@aws-sdk/abort-controller/-/abort-controller-3.25.0.tgz",
      "integrity": "sha512-uEVKqKkPVz6atbCxCNJY5O7V+ieSK8crUswXo8/WePyEbGEgxJ4t9x/WG4lV8kBjelmvQHDR4GqfJmb5Sh9xSg==",
      "requires": {
        "@aws-sdk/types": "3.25.0",
        "tslib": "^2.3.0"
      }
    },
    "@aws-sdk/client-codecommit": {
      "version": "3.26.0",
      "resolved": "https://registry.npmjs.org/@aws-sdk/client-codecommit/-/client-codecommit-3.26.0.tgz",
      "integrity": "sha512-zEIp/6MfsVHx8c4ekrvDGkWZEyHLVXu3xxvTrm/T8WtHFktrYIz03eggFI5im8JFZx1mGDYJ0w4EASaARajQuw==",
      "requires": {
        "@aws-crypto/sha256-browser": "^1.0.0",
        "@aws-crypto/sha256-js": "^1.0.0",
        "@aws-sdk/client-sts": "3.26.0",
        "@aws-sdk/config-resolver": "3.25.0",
        "@aws-sdk/credential-provider-node": "3.26.0",
        "@aws-sdk/fetch-http-handler": "3.25.0",
        "@aws-sdk/hash-node": "3.25.0",
        "@aws-sdk/invalid-dependency": "3.25.0",
        "@aws-sdk/middleware-content-length": "3.25.0",
        "@aws-sdk/middleware-host-header": "3.25.0",
        "@aws-sdk/middleware-logger": "3.25.0",
        "@aws-sdk/middleware-retry": "3.25.0",
        "@aws-sdk/middleware-serde": "3.25.0",
        "@aws-sdk/middleware-signing": "3.25.0",
        "@aws-sdk/middleware-stack": "3.25.0",
        "@aws-sdk/middleware-user-agent": "3.25.0",
        "@aws-sdk/node-config-provider": "3.25.0",
        "@aws-sdk/node-http-handler": "3.25.0",
        "@aws-sdk/protocol-http": "3.25.0",
        "@aws-sdk/smithy-client": "3.25.0",
        "@aws-sdk/types": "3.25.0",
        "@aws-sdk/url-parser": "3.25.0",
        "@aws-sdk/util-base64-browser": "3.23.0",
        "@aws-sdk/util-base64-node": "3.23.0",
        "@aws-sdk/util-body-length-browser": "3.23.0",
        "@aws-sdk/util-body-length-node": "3.23.0",
        "@aws-sdk/util-user-agent-browser": "3.25.0",
        "@aws-sdk/util-user-agent-node": "3.25.0",
        "@aws-sdk/util-utf8-browser": "3.23.0",
        "@aws-sdk/util-utf8-node": "3.23.0",
        "tslib": "^2.3.0",
        "uuid": "^8.3.2"
      }
    },
    "@aws-sdk/client-sso": {
      "version": "3.25.0",
      "resolved": "https://registry.npmjs.org/@aws-sdk/client-sso/-/client-sso-3.25.0.tgz",
      "integrity": "sha512-b8v4tb7rncnqE5ktBlQEckFdNT+Pk2mBg4e1Uc9C1Z3XmZM+wOWtlbu+KRvgMgDWSx2FzLIjAKe3mLaM4o1Xhg==",
      "requires": {
        "@aws-crypto/sha256-browser": "^1.0.0",
        "@aws-crypto/sha256-js": "^1.0.0",
        "@aws-sdk/config-resolver": "3.25.0",
        "@aws-sdk/fetch-http-handler": "3.25.0",
        "@aws-sdk/hash-node": "3.25.0",
        "@aws-sdk/invalid-dependency": "3.25.0",
        "@aws-sdk/middleware-content-length": "3.25.0",
        "@aws-sdk/middleware-host-header": "3.25.0",
        "@aws-sdk/middleware-logger": "3.25.0",
        "@aws-sdk/middleware-retry": "3.25.0",
        "@aws-sdk/middleware-serde": "3.25.0",
        "@aws-sdk/middleware-stack": "3.25.0",
        "@aws-sdk/middleware-user-agent": "3.25.0",
        "@aws-sdk/node-config-provider": "3.25.0",
        "@aws-sdk/node-http-handler": "3.25.0",
        "@aws-sdk/protocol-http": "3.25.0",
        "@aws-sdk/smithy-client": "3.25.0",
        "@aws-sdk/types": "3.25.0",
        "@aws-sdk/url-parser": "3.25.0",
        "@aws-sdk/util-base64-browser": "3.23.0",
        "@aws-sdk/util-base64-node": "3.23.0",
        "@aws-sdk/util-body-length-browser": "3.23.0",
        "@aws-sdk/util-body-length-node": "3.23.0",
        "@aws-sdk/util-user-agent-browser": "3.25.0",
        "@aws-sdk/util-user-agent-node": "3.25.0",
        "@aws-sdk/util-utf8-browser": "3.23.0",
        "@aws-sdk/util-utf8-node": "3.23.0",
        "tslib": "^2.3.0"
      }
    },
    "@aws-sdk/client-sts": {
      "version": "3.26.0",
      "resolved": "https://registry.npmjs.org/@aws-sdk/client-sts/-/client-sts-3.26.0.tgz",
      "integrity": "sha512-GDo4rWf4lDQciyUiZiG3BGrhgN/FhH7LWCjXINClAp2HXiZ+wGVh+9pE0w1xYZEQLDNkEuuvAvivQ90JcNDhjw==",
      "requires": {
        "@aws-crypto/sha256-browser": "^1.0.0",
        "@aws-crypto/sha256-js": "^1.0.0",
        "@aws-sdk/config-resolver": "3.25.0",
        "@aws-sdk/credential-provider-node": "3.26.0",
        "@aws-sdk/fetch-http-handler": "3.25.0",
        "@aws-sdk/hash-node": "3.25.0",
        "@aws-sdk/invalid-dependency": "3.25.0",
        "@aws-sdk/middleware-content-length": "3.25.0",
        "@aws-sdk/middleware-host-header": "3.25.0",
        "@aws-sdk/middleware-logger": "3.25.0",
        "@aws-sdk/middleware-retry": "3.25.0",
        "@aws-sdk/middleware-sdk-sts": "3.25.0",
        "@aws-sdk/middleware-serde": "3.25.0",
        "@aws-sdk/middleware-signing": "3.25.0",
        "@aws-sdk/middleware-stack": "3.25.0",
        "@aws-sdk/middleware-user-agent": "3.25.0",
        "@aws-sdk/node-config-provider": "3.25.0",
        "@aws-sdk/node-http-handler": "3.25.0",
        "@aws-sdk/protocol-http": "3.25.0",
        "@aws-sdk/smithy-client": "3.25.0",
        "@aws-sdk/types": "3.25.0",
        "@aws-sdk/url-parser": "3.25.0",
        "@aws-sdk/util-base64-browser": "3.23.0",
        "@aws-sdk/util-base64-node": "3.23.0",
        "@aws-sdk/util-body-length-browser": "3.23.0",
        "@aws-sdk/util-body-length-node": "3.23.0",
        "@aws-sdk/util-user-agent-browser": "3.25.0",
        "@aws-sdk/util-user-agent-node": "3.25.0",
        "@aws-sdk/util-utf8-browser": "3.23.0",
        "@aws-sdk/util-utf8-node": "3.23.0",
        "entities": "2.2.0",
        "fast-xml-parser": "3.19.0",
        "tslib": "^2.3.0"
      }
    },
    "@aws-sdk/config-resolver": {
      "version": "3.25.0",
      "resolved": "https://registry.npmjs.org/@aws-sdk/config-resolver/-/config-resolver-3.25.0.tgz",
      "integrity": "sha512-t5CE90jYkxQyGGxG22atf8040lHuL17wptGp1kN8nSxaG6PudKhxQuHPAGYt6FHgrqqeyFccp/P3jiDSjqUaVw==",
      "requires": {
        "@aws-sdk/signature-v4": "3.25.0",
        "@aws-sdk/types": "3.25.0",
        "tslib": "^2.3.0"
      }
    },
    "@aws-sdk/credential-provider-env": {
      "version": "3.25.0",
      "resolved": "https://registry.npmjs.org/@aws-sdk/credential-provider-env/-/credential-provider-env-3.25.0.tgz",
      "integrity": "sha512-I65/PNGQG+ktt1QSHCWwQ8v7QRK1eRdLkQl3zB5rwBuANbQ3Yu+vA+lAwU+IbpGCOEpHJO3lDN330It5B4Rtvg==",
      "requires": {
        "@aws-sdk/property-provider": "3.25.0",
        "@aws-sdk/types": "3.25.0",
        "tslib": "^2.3.0"
      }
    },
    "@aws-sdk/credential-provider-imds": {
      "version": "3.26.0",
      "resolved": "https://registry.npmjs.org/@aws-sdk/credential-provider-imds/-/credential-provider-imds-3.26.0.tgz",
      "integrity": "sha512-DJRyDdULqqKLB1yamBhDl8ij80JB7SwN7qSpaNTXuKhdAFP1JaX5Q62WtZsC9RGmUDOPNh92dP72HewKJ+Spig==",
      "requires": {
        "@aws-sdk/node-config-provider": "3.25.0",
        "@aws-sdk/property-provider": "3.25.0",
        "@aws-sdk/types": "3.25.0",
        "@aws-sdk/url-parser": "3.25.0",
        "tslib": "^2.3.0"
      }
    },
    "@aws-sdk/credential-provider-ini": {
      "version": "3.26.0",
      "resolved": "https://registry.npmjs.org/@aws-sdk/credential-provider-ini/-/credential-provider-ini-3.26.0.tgz",
      "integrity": "sha512-1liyjEPSNiA4HXFUP8CuHYnQ63mRzMsMgg3gfNdFAFCsmmI8BdopZgSuHNh8ZGL34dNWR/U3DlKwpwDuuIIKuA==",
      "requires": {
        "@aws-sdk/credential-provider-env": "3.25.0",
        "@aws-sdk/credential-provider-imds": "3.26.0",
        "@aws-sdk/credential-provider-sso": "3.25.0",
        "@aws-sdk/credential-provider-web-identity": "3.25.0",
        "@aws-sdk/property-provider": "3.25.0",
        "@aws-sdk/shared-ini-file-loader": "3.23.0",
        "@aws-sdk/types": "3.25.0",
        "@aws-sdk/util-credentials": "3.23.0",
        "tslib": "^2.3.0"
      }
    },
    "@aws-sdk/credential-provider-node": {
      "version": "3.26.0",
      "resolved": "https://registry.npmjs.org/@aws-sdk/credential-provider-node/-/credential-provider-node-3.26.0.tgz",
      "integrity": "sha512-YfoRgcsUTjQhsPzOKr+69vJmkTtKhsBUx4/GHhfNbzM64owc8J95yGeAcQuPj16VLfRSdDFzGwPB6oY0g5Avyw==",
      "requires": {
        "@aws-sdk/credential-provider-env": "3.25.0",
        "@aws-sdk/credential-provider-imds": "3.26.0",
        "@aws-sdk/credential-provider-ini": "3.26.0",
        "@aws-sdk/credential-provider-process": "3.25.0",
        "@aws-sdk/credential-provider-sso": "3.25.0",
        "@aws-sdk/credential-provider-web-identity": "3.25.0",
        "@aws-sdk/property-provider": "3.25.0",
        "@aws-sdk/shared-ini-file-loader": "3.23.0",
        "@aws-sdk/types": "3.25.0",
        "@aws-sdk/util-credentials": "3.23.0",
        "tslib": "^2.3.0"
      }
    },
    "@aws-sdk/credential-provider-process": {
      "version": "3.25.0",
      "resolved": "https://registry.npmjs.org/@aws-sdk/credential-provider-process/-/credential-provider-process-3.25.0.tgz",
      "integrity": "sha512-qMldWWDvvy6Q+HMcTAVWUJP7MLjLXqf0P08Vb5oGYOlyh4TCJDorccRVVsQvutjQggpBaIMTQdzjdamqtZ1y+w==",
      "requires": {
        "@aws-sdk/property-provider": "3.25.0",
        "@aws-sdk/shared-ini-file-loader": "3.23.0",
        "@aws-sdk/types": "3.25.0",
        "@aws-sdk/util-credentials": "3.23.0",
        "tslib": "^2.3.0"
      }
    },
    "@aws-sdk/credential-provider-sso": {
      "version": "3.25.0",
      "resolved": "https://registry.npmjs.org/@aws-sdk/credential-provider-sso/-/credential-provider-sso-3.25.0.tgz",
      "integrity": "sha512-cGP1Zcw2fZHn4CYGgq4soody4x5TrsWk0Pf9F8yCjRMSSZqs3rj0+PrXy4xqkiLCvTSrse6p4e4wMMpaFAm7Tg==",
      "requires": {
        "@aws-sdk/client-sso": "3.25.0",
        "@aws-sdk/property-provider": "3.25.0",
        "@aws-sdk/shared-ini-file-loader": "3.23.0",
        "@aws-sdk/types": "3.25.0",
        "@aws-sdk/util-credentials": "3.23.0",
        "tslib": "^2.3.0"
      }
    },
    "@aws-sdk/credential-provider-web-identity": {
      "version": "3.25.0",
      "resolved": "https://registry.npmjs.org/@aws-sdk/credential-provider-web-identity/-/credential-provider-web-identity-3.25.0.tgz",
      "integrity": "sha512-6NvOaynsXGuNYbrGzT5h+kkGMaKtAI6zKgPqS/20NKlO5PJc9Eo56Hdbq0gBohXSBzRJE5Jx/1OOrTdvRlwniw==",
      "requires": {
        "@aws-sdk/property-provider": "3.25.0",
        "@aws-sdk/types": "3.25.0",
        "tslib": "^2.3.0"
      }
    },
    "@aws-sdk/fetch-http-handler": {
      "version": "3.25.0",
      "resolved": "https://registry.npmjs.org/@aws-sdk/fetch-http-handler/-/fetch-http-handler-3.25.0.tgz",
      "integrity": "sha512-792kkbfSRBdiFb7Q2cDJts9MKxzAwuQSwUIwRKAOMazU8HkKbKnXXAFSsK3T7VasOFOh7O7YEGN0q9UgEw1q+g==",
      "requires": {
        "@aws-sdk/protocol-http": "3.25.0",
        "@aws-sdk/querystring-builder": "3.25.0",
        "@aws-sdk/types": "3.25.0",
        "@aws-sdk/util-base64-browser": "3.23.0",
        "tslib": "^2.3.0"
      }
    },
    "@aws-sdk/hash-node": {
      "version": "3.25.0",
      "resolved": "https://registry.npmjs.org/@aws-sdk/hash-node/-/hash-node-3.25.0.tgz",
      "integrity": "sha512-qRn6iqG9VLt8D29SBABcbauDLn92ssMjtpyVApiOhDYyFm2VA2avomOHD6y2PRBMwM5FMQAygZbpA2HIN2F96w==",
      "requires": {
        "@aws-sdk/types": "3.25.0",
        "@aws-sdk/util-buffer-from": "3.23.0",
        "tslib": "^2.3.0"
      }
    },
    "@aws-sdk/invalid-dependency": {
      "version": "3.25.0",
      "resolved": "https://registry.npmjs.org/@aws-sdk/invalid-dependency/-/invalid-dependency-3.25.0.tgz",
      "integrity": "sha512-ZBXjBAF2JSiO/wGBa1oaXsd1q5YG3diS8TfIUMXeQoe9O66R5LGoGOQeAbB/JjlwFot6DZfAcfocvl6CtWwqkw==",
      "requires": {
        "@aws-sdk/types": "3.25.0",
        "tslib": "^2.3.0"
      }
    },
    "@aws-sdk/is-array-buffer": {
      "version": "3.23.0",
      "resolved": "https://registry.npmjs.org/@aws-sdk/is-array-buffer/-/is-array-buffer-3.23.0.tgz",
      "integrity": "sha512-XN20/scFthok0lCbjtinW77CoIBoar8cbOzmu+HkYTnBBpJrF6Ai5g9sgglO8r+X+OLn4PrDrTP+BxdpNuIh9g==",
      "requires": {
        "tslib": "^2.3.0"
      }
    },
    "@aws-sdk/middleware-content-length": {
      "version": "3.25.0",
      "resolved": "https://registry.npmjs.org/@aws-sdk/middleware-content-length/-/middleware-content-length-3.25.0.tgz",
      "integrity": "sha512-uOXus0MmZi/mucRIr5yfwM1vDhYG66CujNfnhyEaq5f4kcDA1Q5qPWSn9dkQPV9JWTZK3WTuYiOPSgtmlAYTAg==",
      "requires": {
        "@aws-sdk/protocol-http": "3.25.0",
        "@aws-sdk/types": "3.25.0",
        "tslib": "^2.3.0"
      }
    },
    "@aws-sdk/middleware-host-header": {
      "version": "3.25.0",
      "resolved": "https://registry.npmjs.org/@aws-sdk/middleware-host-header/-/middleware-host-header-3.25.0.tgz",
      "integrity": "sha512-xKD/CfsUS3ul2VaQ3IgIUXgA7jU2/Guo/DUhYKrLZTOxm0nuvsIFw0RqSCtRBCLptE5Qi+unkc1LcFDbfqrRbg==",
      "requires": {
        "@aws-sdk/protocol-http": "3.25.0",
        "@aws-sdk/types": "3.25.0",
        "tslib": "^2.3.0"
      }
    },
    "@aws-sdk/middleware-logger": {
      "version": "3.25.0",
      "resolved": "https://registry.npmjs.org/@aws-sdk/middleware-logger/-/middleware-logger-3.25.0.tgz",
      "integrity": "sha512-M1F7BlAsDKoEM8hBaU2pHlLSM40rzzgtZ6jFNhfmTwGcjxe1N7JXCH5QPa7aI8wnJq2RoIRHVfVsUH4GwvOZnA==",
      "requires": {
        "@aws-sdk/types": "3.25.0",
        "tslib": "^2.3.0"
      }
    },
    "@aws-sdk/middleware-retry": {
      "version": "3.25.0",
      "resolved": "https://registry.npmjs.org/@aws-sdk/middleware-retry/-/middleware-retry-3.25.0.tgz",
      "integrity": "sha512-SzdWPo4ESUR6AXvIf4eC8s5sko2G9Hou6cUIr+BWI4h7whA32j/aWUmvcMHxWT/eaSuPeruXrnvKyLvuM0RjJg==",
      "requires": {
        "@aws-sdk/protocol-http": "3.25.0",
        "@aws-sdk/service-error-classification": "3.25.0",
        "@aws-sdk/types": "3.25.0",
        "tslib": "^2.3.0",
        "uuid": "^8.3.2"
      }
    },
    "@aws-sdk/middleware-sdk-sts": {
      "version": "3.25.0",
      "resolved": "https://registry.npmjs.org/@aws-sdk/middleware-sdk-sts/-/middleware-sdk-sts-3.25.0.tgz",
      "integrity": "sha512-1SoZZTVejo+32eH0WqXaFvt/NIkVEYWquh3OJpkghMi2oOnMfeIRI0uSoqshL6949f4iSfUvvtuzDpyA7XNCQA==",
      "requires": {
        "@aws-sdk/middleware-signing": "3.25.0",
        "@aws-sdk/property-provider": "3.25.0",
        "@aws-sdk/protocol-http": "3.25.0",
        "@aws-sdk/signature-v4": "3.25.0",
        "@aws-sdk/types": "3.25.0",
        "tslib": "^2.3.0"
      }
    },
    "@aws-sdk/middleware-serde": {
      "version": "3.25.0",
      "resolved": "https://registry.npmjs.org/@aws-sdk/middleware-serde/-/middleware-serde-3.25.0.tgz",
      "integrity": "sha512-065Kugo8yXzBkcVAxctxFCHKlHcINnaQRsJ8ifvgc+UOEgvTG9+LfGWDwfdgarW9CkF7RkCoZOyaqFsO+HJWsg==",
      "requires": {
        "@aws-sdk/types": "3.25.0",
        "tslib": "^2.3.0"
      }
    },
    "@aws-sdk/middleware-signing": {
      "version": "3.25.0",
      "resolved": "https://registry.npmjs.org/@aws-sdk/middleware-signing/-/middleware-signing-3.25.0.tgz",
      "integrity": "sha512-FkhxGMV3UY5HIAwUcarfxdq/CF/tYukdg+bkbTNluMpkcJczqn6shpEIQAGa5FFQP3Lya+STL1NuNXfOP7bG9w==",
      "requires": {
        "@aws-sdk/property-provider": "3.25.0",
        "@aws-sdk/protocol-http": "3.25.0",
        "@aws-sdk/signature-v4": "3.25.0",
        "@aws-sdk/types": "3.25.0",
        "tslib": "^2.3.0"
      }
    },
    "@aws-sdk/middleware-stack": {
      "version": "3.25.0",
      "resolved": "https://registry.npmjs.org/@aws-sdk/middleware-stack/-/middleware-stack-3.25.0.tgz",
      "integrity": "sha512-s2VgdsasOVKHY3/SIGsw9AeZMMsdcIbBGWim9n5IO3j8C8y54EdRLVCEja8ePvMDZKIzuummwatYPHaUrnqPtQ==",
      "requires": {
        "tslib": "^2.3.0"
      }
    },
    "@aws-sdk/middleware-user-agent": {
      "version": "3.25.0",
      "resolved": "https://registry.npmjs.org/@aws-sdk/middleware-user-agent/-/middleware-user-agent-3.25.0.tgz",
      "integrity": "sha512-HXd/Qknq8Cp7fzJYU7jDDpN7ReJ3arUrnt+dAPNaDDrhmrBbCZp+24UXN6X6DAj0JICRoRuF/l7KxjwdF5FShw==",
      "requires": {
        "@aws-sdk/protocol-http": "3.25.0",
        "@aws-sdk/types": "3.25.0",
        "tslib": "^2.3.0"
      }
    },
    "@aws-sdk/node-config-provider": {
      "version": "3.25.0",
      "resolved": "https://registry.npmjs.org/@aws-sdk/node-config-provider/-/node-config-provider-3.25.0.tgz",
      "integrity": "sha512-95FiUDuh1YGo0Giti0Xz9l2TV0Wzw75M1xx0TduFcm1dpLKl+znxTgYh+4G+MOSMHNGy+6K91yxurv4PGYgCWw==",
      "requires": {
        "@aws-sdk/property-provider": "3.25.0",
        "@aws-sdk/shared-ini-file-loader": "3.23.0",
        "@aws-sdk/types": "3.25.0",
        "tslib": "^2.3.0"
      }
    },
    "@aws-sdk/node-http-handler": {
      "version": "3.25.0",
      "resolved": "https://registry.npmjs.org/@aws-sdk/node-http-handler/-/node-http-handler-3.25.0.tgz",
      "integrity": "sha512-zVeAM/bXewZiuMtcUZI/xGDID6knkzOv73ueVkzUbP0Ki8bfao7diR3hMbIt5Fy/r8cAVjJce9v6zFqo4sr1WA==",
      "requires": {
        "@aws-sdk/abort-controller": "3.25.0",
        "@aws-sdk/protocol-http": "3.25.0",
        "@aws-sdk/querystring-builder": "3.25.0",
        "@aws-sdk/types": "3.25.0",
        "tslib": "^2.3.0"
      }
    },
    "@aws-sdk/property-provider": {
      "version": "3.25.0",
      "resolved": "https://registry.npmjs.org/@aws-sdk/property-provider/-/property-provider-3.25.0.tgz",
      "integrity": "sha512-jUnPDguLWsyGLPfdxGdeaXe3j/CjS3kxBmctvI+soZg57rA2hntP9rm7SUZ2+5rj4mmJaI3bzchiaY3kE3JmpA==",
      "requires": {
        "@aws-sdk/types": "3.25.0",
        "tslib": "^2.3.0"
      }
    },
    "@aws-sdk/protocol-http": {
      "version": "3.25.0",
      "resolved": "https://registry.npmjs.org/@aws-sdk/protocol-http/-/protocol-http-3.25.0.tgz",
      "integrity": "sha512-4Jebt5G8uIFa+HZO7KOgOtA66E/CXysQekiV5dfAsU8ca+rX5PB6qhpWZ2unX/l6He+oDQ0zMoW70JkNiP4/4w==",
      "requires": {
        "@aws-sdk/types": "3.25.0",
        "tslib": "^2.3.0"
      }
    },
    "@aws-sdk/querystring-builder": {
      "version": "3.25.0",
      "resolved": "https://registry.npmjs.org/@aws-sdk/querystring-builder/-/querystring-builder-3.25.0.tgz",
      "integrity": "sha512-o/R3/viOxjWckI+kepkxJSL7fIdg1hHYOW/rOpo9HbXS0CJrHVnB8vlBb+Xwl1IFyY2gg+5YZTjiufcgpgRBkw==",
      "requires": {
        "@aws-sdk/types": "3.25.0",
        "@aws-sdk/util-uri-escape": "3.23.0",
        "tslib": "^2.3.0"
      }
    },
    "@aws-sdk/querystring-parser": {
      "version": "3.25.0",
      "resolved": "https://registry.npmjs.org/@aws-sdk/querystring-parser/-/querystring-parser-3.25.0.tgz",
      "integrity": "sha512-FCNyaOLFLVS5j43MhVA7/VJUDX0t/9RyNTNulHgzFjj6ffsgqcY0uwUq1RO3QCL4asl56zOrLVJgK+Z7wMbvFg==",
      "requires": {
        "@aws-sdk/types": "3.25.0",
        "tslib": "^2.3.0"
      }
    },
    "@aws-sdk/service-error-classification": {
      "version": "3.25.0",
      "resolved": "https://registry.npmjs.org/@aws-sdk/service-error-classification/-/service-error-classification-3.25.0.tgz",
      "integrity": "sha512-66FfIab87LnnHtOLrGrVOht9Pw6lE8appyOpBdtoeoU5DP7ARSWuDdsYmKdGdRCWvn/RaVFbSYua9k0M1WsGqg=="
    },
    "@aws-sdk/shared-ini-file-loader": {
      "version": "3.23.0",
      "resolved": "https://registry.npmjs.org/@aws-sdk/shared-ini-file-loader/-/shared-ini-file-loader-3.23.0.tgz",
      "integrity": "sha512-YUp46l6E3dLKHp1cKMkZI4slTjsVc/Lm7nPCTVc3oQvZ1MvC99N/jMCmZ7X5YYofuAUSdc9eJ8sYiF2BnUww9g==",
      "requires": {
        "tslib": "^2.3.0"
      }
    },
    "@aws-sdk/signature-v4": {
      "version": "3.25.0",
      "resolved": "https://registry.npmjs.org/@aws-sdk/signature-v4/-/signature-v4-3.25.0.tgz",
      "integrity": "sha512-6KDRRz9XVrj9RxrBLC6dzfnb2TDl3CjIzcNpLdRuKFgzEEdwV+5D+EZuAQU3MuHG5pWTIwG72k/dmCbJ2MDPUQ==",
      "requires": {
        "@aws-sdk/is-array-buffer": "3.23.0",
        "@aws-sdk/types": "3.25.0",
        "@aws-sdk/util-hex-encoding": "3.23.0",
        "@aws-sdk/util-uri-escape": "3.23.0",
        "tslib": "^2.3.0"
      }
    },
    "@aws-sdk/smithy-client": {
      "version": "3.25.0",
      "resolved": "https://registry.npmjs.org/@aws-sdk/smithy-client/-/smithy-client-3.25.0.tgz",
      "integrity": "sha512-+/iMCNziL5/muaY/gl3xkRsSZyeoVCUSjSbbZjDIXbqDbB9SOz4o3UAIgWHoCgYNfsF25GQR6rThLi61FrSyoQ==",
      "requires": {
        "@aws-sdk/middleware-stack": "3.25.0",
        "@aws-sdk/types": "3.25.0",
        "tslib": "^2.3.0"
      }
    },
    "@aws-sdk/types": {
      "version": "3.25.0",
      "resolved": "https://registry.npmjs.org/@aws-sdk/types/-/types-3.25.0.tgz",
      "integrity": "sha512-vS0+cTKwj6CujlR07HmeEBxzWPWSrdmZMYnxn/QC9KW9dFu0lsyCGSCqWsFluI6GI0flsnYYWNkP5y4bfD9tqg=="
    },
    "@aws-sdk/url-parser": {
      "version": "3.25.0",
      "resolved": "https://registry.npmjs.org/@aws-sdk/url-parser/-/url-parser-3.25.0.tgz",
      "integrity": "sha512-qZ3Vq0NjHsE7Qq6R5NVRswIAsiyYjCDnAV+/Vt4jU/K0V3mGumiasiJyRyblW4Da8R6kfcJk0mHSMFRJfoHh8Q==",
      "requires": {
        "@aws-sdk/querystring-parser": "3.25.0",
        "@aws-sdk/types": "3.25.0",
        "tslib": "^2.3.0"
      }
    },
    "@aws-sdk/util-base64-browser": {
      "version": "3.23.0",
      "resolved": "https://registry.npmjs.org/@aws-sdk/util-base64-browser/-/util-base64-browser-3.23.0.tgz",
      "integrity": "sha512-xlI/qw+uhLJWa3k0mRtRHQ42v5QzsMFEUXScredQMfJ/34qzXyocsG6OHPOTV1I8WSANrxnHR5m1Ae3iU6JuVw==",
      "requires": {
        "tslib": "^2.3.0"
      }
    },
    "@aws-sdk/util-base64-node": {
      "version": "3.23.0",
      "resolved": "https://registry.npmjs.org/@aws-sdk/util-base64-node/-/util-base64-node-3.23.0.tgz",
      "integrity": "sha512-Kf8JIAUtjrPcD5CJzrig2B5CtegWswUNpW4zBarww/UJhHlp8WzKlCxxA+yNS1ghT0ZMjrRvxPabKDGpkyUfmQ==",
      "requires": {
        "@aws-sdk/util-buffer-from": "3.23.0",
        "tslib": "^2.3.0"
      }
    },
    "@aws-sdk/util-body-length-browser": {
      "version": "3.23.0",
      "resolved": "https://registry.npmjs.org/@aws-sdk/util-body-length-browser/-/util-body-length-browser-3.23.0.tgz",
      "integrity": "sha512-Bi6u/5omQbOBSB5BxqVvaPgVplLRjhhSuqK3XAukbeBPh7lcibIBdy7YvbhQyl4i8Hb2QjFnqqfzA0lNBe5eiw==",
      "requires": {
        "tslib": "^2.3.0"
      }
    },
    "@aws-sdk/util-body-length-node": {
      "version": "3.23.0",
      "resolved": "https://registry.npmjs.org/@aws-sdk/util-body-length-node/-/util-body-length-node-3.23.0.tgz",
      "integrity": "sha512-8kSczloA78mikPaJ742SU9Wpwfcz3HOruoXiP/pOy69UZEsMe4P7zTZI1bo8BAp7j6IFUPCXth9E3UAtkbz+CQ==",
      "requires": {
        "tslib": "^2.3.0"
      }
    },
    "@aws-sdk/util-buffer-from": {
      "version": "3.23.0",
      "resolved": "https://registry.npmjs.org/@aws-sdk/util-buffer-from/-/util-buffer-from-3.23.0.tgz",
      "integrity": "sha512-axXy1FvEOM1uECgMPmyHF1S3Hd7JI+BerhhcAlGig0bbqUsZVQUNL9yhOsWreA+nf1v08Ucj8P2SHPCT9Hvpgg==",
      "requires": {
        "@aws-sdk/is-array-buffer": "3.23.0",
        "tslib": "^2.3.0"
      }
    },
    "@aws-sdk/util-credentials": {
      "version": "3.23.0",
      "resolved": "https://registry.npmjs.org/@aws-sdk/util-credentials/-/util-credentials-3.23.0.tgz",
      "integrity": "sha512-6TDGZnFa0kZr+vSsWXXMfWt347jbMGKtzGnBxbrmiQgZMijz9s/wLYxsjglZ+CyqI/QrSMOTtqy6mEgJxdnGWQ==",
      "requires": {
        "@aws-sdk/shared-ini-file-loader": "3.23.0",
        "tslib": "^2.3.0"
      }
    },
    "@aws-sdk/util-hex-encoding": {
      "version": "3.23.0",
      "resolved": "https://registry.npmjs.org/@aws-sdk/util-hex-encoding/-/util-hex-encoding-3.23.0.tgz",
      "integrity": "sha512-RFDCwNrJMmmPSMVRadxRNePqTXGwtL9s4844x44D0bbGg1TdC42rrg0PRKYkxFL7wd1FbibVQOzciZAvzF+Z+w==",
      "requires": {
        "tslib": "^2.3.0"
      }
    },
    "@aws-sdk/util-locate-window": {
      "version": "3.23.0",
      "resolved": "https://registry.npmjs.org/@aws-sdk/util-locate-window/-/util-locate-window-3.23.0.tgz",
      "integrity": "sha512-mM8kWW7SWIxCshkNllpYqCQi5SzwJ+sv5nURhtquOB5/H3qGqZm0V5lUE3qpE1AYmqKwk6qbGUy1woFn1T5nrw==",
      "requires": {
        "tslib": "^2.3.0"
      }
    },
    "@aws-sdk/util-uri-escape": {
      "version": "3.23.0",
      "resolved": "https://registry.npmjs.org/@aws-sdk/util-uri-escape/-/util-uri-escape-3.23.0.tgz",
      "integrity": "sha512-SvQx2E/FDlI5vLT67wwn/k1j2R/G58tYj4Te6GNgEwPGL43X2+7c0+d/WTgndMaRvxSBHZMUTxBYh1HOeU7loA==",
      "requires": {
        "tslib": "^2.3.0"
      }
    },
    "@aws-sdk/util-user-agent-browser": {
      "version": "3.25.0",
      "resolved": "https://registry.npmjs.org/@aws-sdk/util-user-agent-browser/-/util-user-agent-browser-3.25.0.tgz",
      "integrity": "sha512-qGqiWfs49NRmQVXPsBXgMRVkjDZocicU0V2wak98e0t7TOI+KmP8hnwsTkE6c4KwhsFOOUhAzjn5zk3kOwi6tQ==",
      "requires": {
        "@aws-sdk/types": "3.25.0",
        "bowser": "^2.11.0",
        "tslib": "^2.3.0"
      }
    },
    "@aws-sdk/util-user-agent-node": {
      "version": "3.25.0",
      "resolved": "https://registry.npmjs.org/@aws-sdk/util-user-agent-node/-/util-user-agent-node-3.25.0.tgz",
      "integrity": "sha512-4AWyCNP3n/qxv36OS+WH3l4ooRvwyfdbYWFXNXeGcxMcLANDG0upJQRT1g7H8+/afMaJ6v/BQM/H6tdocJSKjQ==",
      "requires": {
        "@aws-sdk/node-config-provider": "3.25.0",
        "@aws-sdk/types": "3.25.0",
        "tslib": "^2.3.0"
      }
    },
    "@aws-sdk/util-utf8-browser": {
      "version": "3.23.0",
      "resolved": "https://registry.npmjs.org/@aws-sdk/util-utf8-browser/-/util-utf8-browser-3.23.0.tgz",
      "integrity": "sha512-fSB95AKnvCnAbCd7o0xLbErfAgD9wnLCaEu23AgfGAiaG3nFF8Z2+wtjebU/9Z4RI9d/x83Ho/yguRnJdkMsPA==",
      "requires": {
        "tslib": "^2.3.0"
      }
    },
    "@aws-sdk/util-utf8-node": {
      "version": "3.23.0",
      "resolved": "https://registry.npmjs.org/@aws-sdk/util-utf8-node/-/util-utf8-node-3.23.0.tgz",
      "integrity": "sha512-yao8+8okyfCxRvxZe3GBdO7lJnQEBf3P6rDgleOQD/0DZmMjOQGXCvDd42oagE2TegXhkUnJfVOZU2GqdoR0hg==",
      "requires": {
        "@aws-sdk/util-buffer-from": "3.23.0",
        "tslib": "^2.3.0"
      }
    },
    "@dabh/diagnostics": {
      "version": "2.0.2",
      "resolved": "https://registry.npmjs.org/@dabh/diagnostics/-/diagnostics-2.0.2.tgz",
      "integrity": "sha512-+A1YivoVDNNVCdfozHSR8v/jyuuLTMXwjWuxPFlFlUapXoGc+Gj9mDlTDDfrwl7rXCl2tNZ0kE8sIBO6YOn96Q==",
      "dev": true,
      "requires": {
        "colorspace": "1.1.x",
        "enabled": "2.0.x",
        "kuler": "^2.0.0"
      }
    },
    "async": {
      "version": "3.2.1",
      "resolved": "https://registry.npmjs.org/async/-/async-3.2.1.tgz",
      "integrity": "sha512-XdD5lRO/87udXCMC9meWdYiR+Nq6ZjUfXidViUZGu2F1MO4T3XwZ1et0hb2++BgLfhyJwy44BGB/yx80ABx8hg==",
      "dev": true
    },
    "axios": {
      "version": "0.21.1",
      "resolved": "https://registry.npmjs.org/axios/-/axios-0.21.1.tgz",
      "integrity": "sha512-dKQiRHxGD9PPRIUNIWvZhPTPpl1rf/OxTYKsqKUDjBwYylTvV7SjSHJb9ratfyzM6wCdLCOYLzs73qpg5c4iGA==",
      "requires": {
        "follow-redirects": "^1.10.0"
      }
    },
    "bowser": {
      "version": "2.11.0",
      "resolved": "https://registry.npmjs.org/bowser/-/bowser-2.11.0.tgz",
      "integrity": "sha512-AlcaJBi/pqqJBIQ8U9Mcpc9i8Aqxn88Skv5d+xBX006BY5u8N3mGLHa5Lgppa7L/HfwgwLgZ6NYs+Ag6uUmJRA=="
    },
    "color": {
      "version": "3.0.0",
      "resolved": "https://registry.npmjs.org/color/-/color-3.0.0.tgz",
      "integrity": "sha512-jCpd5+s0s0t7p3pHQKpnJ0TpQKKdleP71LWcA0aqiljpiuAkOSUFN/dyH8ZwF0hRmFlrIuRhufds1QyEP9EB+w==",
      "dev": true,
      "requires": {
        "color-convert": "^1.9.1",
        "color-string": "^1.5.2"
      }
    },
    "color-convert": {
      "version": "1.9.3",
      "resolved": "https://registry.npmjs.org/color-convert/-/color-convert-1.9.3.tgz",
      "integrity": "sha512-QfAUtd+vFdAtFQcC8CCyYt1fYWxSqAiK2cSD6zDB8N3cpsEBAvRxp9zOGg6G/SHHJYAT88/az/IuDGALsNVbGg==",
      "dev": true,
      "requires": {
        "color-name": "1.1.3"
      }
    },
    "color-name": {
      "version": "1.1.3",
      "resolved": "https://registry.npmjs.org/color-name/-/color-name-1.1.3.tgz",
      "integrity": "sha1-p9BVi9icQveV3UIyj3QIMcpTvCU=",
      "dev": true
    },
    "color-string": {
      "version": "1.6.0",
      "resolved": "https://registry.npmjs.org/color-string/-/color-string-1.6.0.tgz",
      "integrity": "sha512-c/hGS+kRWJutUBEngKKmk4iH3sD59MBkoxVapS/0wgpCz2u7XsNloxknyvBhzwEs1IbV36D9PwqLPJ2DTu3vMA==",
      "dev": true,
      "requires": {
        "color-name": "^1.0.0",
        "simple-swizzle": "^0.2.2"
      }
    },
    "colors": {
      "version": "1.4.0",
      "resolved": "https://registry.npmjs.org/colors/-/colors-1.4.0.tgz",
      "integrity": "sha512-a+UqTh4kgZg/SlGvfbzDHpgRu7AAQOmmqRHJnxhRZICKFUT91brVhNNt58CMWU9PsBbv3PDCZUHbVxuDiH2mtA==",
      "dev": true
    },
    "colorspace": {
      "version": "1.1.2",
      "resolved": "https://registry.npmjs.org/colorspace/-/colorspace-1.1.2.tgz",
      "integrity": "sha512-vt+OoIP2d76xLhjwbBaucYlNSpPsrJWPlBTtwCpQKIu6/CSMutyzX93O/Do0qzpH3YoHEes8YEFXyZ797rEhzQ==",
      "dev": true,
      "requires": {
        "color": "3.0.x",
        "text-hex": "1.0.x"
      }
    },
    "commander": {
      "version": "7.2.0",
      "resolved": "https://registry.npmjs.org/commander/-/commander-7.2.0.tgz",
      "integrity": "sha512-QrWXB+ZQSVPmIWIhtEO9H+gwHaMGYiF5ChvoJ+K9ZGHG/sVsa6yiesAD1GC/x46sET00Xlwo1u49RVVVzvcSkw==",
      "dev": true
    },
    "core-util-is": {
      "version": "1.0.2",
      "resolved": "https://registry.npmjs.org/core-util-is/-/core-util-is-1.0.2.tgz",
      "integrity": "sha1-tf1UIgqivFq1eqtxQMlAdUUDwac=",
      "dev": true
    },
    "dotenv": {
      "version": "10.0.0",
      "resolved": "https://registry.npmjs.org/dotenv/-/dotenv-10.0.0.tgz",
      "integrity": "sha512-rlBi9d8jpv9Sf1klPjNfFAuWDjKLwTIJJ/VxtoTwIR6hnZxcEOQCZg2oIL3MWBYw5GpUDKOEnND7LXTbIpQ03Q==",
      "dev": true
    },
    "enabled": {
      "version": "2.0.0",
      "resolved": "https://registry.npmjs.org/enabled/-/enabled-2.0.0.tgz",
      "integrity": "sha512-AKrN98kuwOzMIdAizXGI86UFBoo26CL21UM763y1h/GMSJ4/OHU9k2YlsmBpyScFo/wbLzWQJBMCW4+IO3/+OQ==",
      "dev": true
    },
    "entities": {
      "version": "2.2.0",
      "resolved": "https://registry.npmjs.org/entities/-/entities-2.2.0.tgz",
      "integrity": "sha512-p92if5Nz619I0w+akJrLZH0MX0Pb5DX39XOwQTtXSdQQOaYH03S1uIQp4mhOZtAXrxq4ViO67YTiLBo2638o9A=="
    },
    "fast-safe-stringify": {
      "version": "2.0.8",
      "resolved": "https://registry.npmjs.org/fast-safe-stringify/-/fast-safe-stringify-2.0.8.tgz",
      "integrity": "sha512-lXatBjf3WPjmWD6DpIZxkeSsCOwqI0maYMpgDlx8g4U2qi4lbjA9oH/HD2a87G+KfsUmo5WbJFmqBZlPxtptag==",
      "dev": true
    },
    "fast-xml-parser": {
      "version": "3.19.0",
      "resolved": "https://registry.npmjs.org/fast-xml-parser/-/fast-xml-parser-3.19.0.tgz",
      "integrity": "sha512-4pXwmBplsCPv8FOY1WRakF970TjNGnGnfbOnLqjlYvMiF1SR3yOHyxMR/YCXpPTOspNF5gwudqktIP4VsWkvBg=="
    },
    "fecha": {
      "version": "4.2.1",
      "resolved": "https://registry.npmjs.org/fecha/-/fecha-4.2.1.tgz",
      "integrity": "sha512-MMMQ0ludy/nBs1/o0zVOiKTpG7qMbonKUzjJgQFEuvq6INZ1OraKPRAWkBq5vlKLOUMpmNYG1JoN3oDPUQ9m3Q==",
      "dev": true
    },
    "fn.name": {
      "version": "1.1.0",
      "resolved": "https://registry.npmjs.org/fn.name/-/fn.name-1.1.0.tgz",
      "integrity": "sha512-GRnmB5gPyJpAhTQdSZTSp9uaPSvl09KoYcMQtsB9rQoOmzs9dH6ffeccH+Z+cv6P68Hu5bC6JjRh4Ah/mHSNRw==",
      "dev": true
    },
    "follow-redirects": {
      "version": "1.14.1",
      "resolved": "https://registry.npmjs.org/follow-redirects/-/follow-redirects-1.14.1.tgz",
      "integrity": "sha512-HWqDgT7ZEkqRzBvc2s64vSZ/hfOceEol3ac/7tKwzuvEyWx3/4UegXh5oBOIotkGsObyk3xznnSRVADBgWSQVg=="
    },
    "inherits": {
      "version": "2.0.4",
      "resolved": "https://registry.npmjs.org/inherits/-/inherits-2.0.4.tgz",
      "integrity": "sha512-k/vGaX4/Yla3WzyMCvTQOXYeIHvqOKtnqBduzTHpzpQZzAskKMhZ2K+EnBiSM9zGSoIFeMpXKxa4dYeZIQqewQ==",
      "dev": true
    },
    "is-arrayish": {
      "version": "0.3.2",
      "resolved": "https://registry.npmjs.org/is-arrayish/-/is-arrayish-0.3.2.tgz",
      "integrity": "sha512-eVRqCvVlZbuw3GrM63ovNSNAeA1K16kaR/LRY/92w0zxQ5/1YzwblUX652i4Xs9RwAGjW9d9y6X88t8OaAJfWQ==",
      "dev": true
    },
    "is-stream": {
      "version": "2.0.1",
      "resolved": "https://registry.npmjs.org/is-stream/-/is-stream-2.0.1.tgz",
      "integrity": "sha512-hFoiJiTl63nn+kstHGBtewWSKnQLpyb155KHheA1l39uvtO9nWIop1p3udqPcUd/xbF1VLMO4n7OI6p7RbngDg==",
      "dev": true
    },
    "isarray": {
      "version": "1.0.0",
      "resolved": "https://registry.npmjs.org/isarray/-/isarray-1.0.0.tgz",
      "integrity": "sha1-u5NdSFgsuhaMBoNJV6VKPgcSTxE=",
      "dev": true
    },
    "kuler": {
      "version": "2.0.0",
      "resolved": "https://registry.npmjs.org/kuler/-/kuler-2.0.0.tgz",
      "integrity": "sha512-Xq9nH7KlWZmXAtodXDDRE7vs6DU1gTU8zYDHDiWLSip45Egwq3plLHzPn27NgvzL2r1LMPC1vdqh98sQxtqj4A==",
      "dev": true
    },
    "lambda-local": {
      "version": "2.0.0",
      "resolved": "https://registry.npmjs.org/lambda-local/-/lambda-local-2.0.0.tgz",
      "integrity": "sha512-5Z7ZEhqVYJSm3djoq7QLDkEk7Ao+jNYbARo3nk3wtjKpgCnEbzOuraxDPDWg7OlZ4JKcsRDP+wNLeORMdbF2ow==",
      "dev": true,
      "requires": {
        "commander": "^7.2.0",
        "dotenv": "^10.0.0",
        "winston": "^3.3.3"
      }
    },
    "logform": {
      "version": "2.2.0",
      "resolved": "https://registry.npmjs.org/logform/-/logform-2.2.0.tgz",
      "integrity": "sha512-N0qPlqfypFx7UHNn4B3lzS/b0uLqt2hmuoa+PpuXNYgozdJYAyauF5Ky0BWVjrxDlMWiT3qN4zPq3vVAfZy7Yg==",
      "dev": true,
      "requires": {
        "colors": "^1.2.1",
        "fast-safe-stringify": "^2.0.4",
        "fecha": "^4.2.0",
        "ms": "^2.1.1",
        "triple-beam": "^1.3.0"
      }
    },
    "ms": {
      "version": "2.1.3",
      "resolved": "https://registry.npmjs.org/ms/-/ms-2.1.3.tgz",
      "integrity": "sha512-6FlzubTLZG3J2a/NVCAleEhjzq5oxgHyaCU9yYXvcLsvoVaHJq/s5xXI6/XXP6tz7R9xAOtHnSO/tXtF3WRTlA==",
      "dev": true
    },
    "one-time": {
      "version": "1.0.0",
      "resolved": "https://registry.npmjs.org/one-time/-/one-time-1.0.0.tgz",
      "integrity": "sha512-5DXOiRKwuSEcQ/l0kGCF6Q3jcADFv5tSmRaJck/OqkVFcOzutB134KRSfF0xDrL39MNnqxbHBbUUcjZIhTgb2g==",
      "dev": true,
      "requires": {
        "fn.name": "1.x.x"
      }
    },
    "path": {
      "version": "0.12.7",
      "resolved": "https://registry.npmjs.org/path/-/path-0.12.7.tgz",
      "integrity": "sha1-1NwqUGxM4hl+tIHr/NWzbAFAsQ8=",
      "dev": true,
      "requires": {
        "process": "^0.11.1",
        "util": "^0.10.3"
      }
    },
    "process": {
      "version": "0.11.10",
      "resolved": "https://registry.npmjs.org/process/-/process-0.11.10.tgz",
      "integrity": "sha1-czIwDoQBYb2j5podHZGn1LwW8YI=",
      "dev": true
    },
    "process-nextick-args": {
      "version": "2.0.1",
      "resolved": "https://registry.npmjs.org/process-nextick-args/-/process-nextick-args-2.0.1.tgz",
      "integrity": "sha512-3ouUOpQhtgrbOa17J7+uxOTpITYWaGP7/AhoR3+A+/1e9skrzelGi/dXzEYyvbxubEF6Wn2ypscTKiKJFFn1ag==",
      "dev": true
    },
    "readable-stream": {
      "version": "3.6.0",
      "resolved": "https://registry.npmjs.org/readable-stream/-/readable-stream-3.6.0.tgz",
      "integrity": "sha512-BViHy7LKeTz4oNnkcLJ+lVSL6vpiFeX6/d3oSH8zCW7UxP2onchk+vTGB143xuFjHS3deTgkKoXXymXqymiIdA==",
      "dev": true,
      "requires": {
        "inherits": "^2.0.3",
        "string_decoder": "^1.1.1",
        "util-deprecate": "^1.0.1"
      }
    },
    "safe-buffer": {
      "version": "5.2.1",
      "resolved": "https://registry.npmjs.org/safe-buffer/-/safe-buffer-5.2.1.tgz",
      "integrity": "sha512-rp3So07KcdmmKbGvgaNxQSJr7bGVSVk5S9Eq1F+ppbRo70+YeaDxkw5Dd8NPN+GD6bjnYm2VuPuCXmpuYvmCXQ==",
      "dev": true
    },
    "simple-swizzle": {
      "version": "0.2.2",
      "resolved": "https://registry.npmjs.org/simple-swizzle/-/simple-swizzle-0.2.2.tgz",
      "integrity": "sha1-pNprY1/8zMoz9w0Xy5JZLeleVXo=",
      "dev": true,
      "requires": {
        "is-arrayish": "^0.3.1"
      }
    },
    "stack-trace": {
      "version": "0.0.10",
      "resolved": "https://registry.npmjs.org/stack-trace/-/stack-trace-0.0.10.tgz",
      "integrity": "sha1-VHxws0fo0ytOEI6hoqFZ5f3eGcA=",
      "dev": true
    },
    "string_decoder": {
      "version": "1.3.0",
      "resolved": "https://registry.npmjs.org/string_decoder/-/string_decoder-1.3.0.tgz",
      "integrity": "sha512-hkRX8U1WjJFd8LsDJ2yQ/wWWxaopEsABU1XfkM8A+j0+85JAGppt16cr1Whg6KIbb4okU6Mql6BOj+uup/wKeA==",
      "dev": true,
      "requires": {
        "safe-buffer": "~5.2.0"
      }
    },
    "text-hex": {
      "version": "1.0.0",
      "resolved": "https://registry.npmjs.org/text-hex/-/text-hex-1.0.0.tgz",
      "integrity": "sha512-uuVGNWzgJ4yhRaNSiubPY7OjISw4sw4E5Uv0wbjp+OzcbmVU/rsT8ujgcXJhn9ypzsgr5vlzpPqP+MBBKcGvbg==",
      "dev": true
    },
    "triple-beam": {
      "version": "1.3.0",
      "resolved": "https://registry.npmjs.org/triple-beam/-/triple-beam-1.3.0.tgz",
      "integrity": "sha512-XrHUvV5HpdLmIj4uVMxHggLbFSZYIn7HEWsqePZcI50pco+MPqJ50wMGY794X7AOOhxOBAjbkqfAbEe/QMp2Lw==",
      "dev": true
    },
    "tslib": {
      "version": "2.3.1",
      "resolved": "https://registry.npmjs.org/tslib/-/tslib-2.3.1.tgz",
      "integrity": "sha512-77EbyPPpMz+FRFRuAFlWMtmgUWGe9UOG2Z25NqCwiIjRhOf5iKGuzSe5P2w1laq+FkRy4p+PCuVkJSGkzTEKVw=="
    },
    "util": {
      "version": "0.10.4",
      "resolved": "https://registry.npmjs.org/util/-/util-0.10.4.tgz",
      "integrity": "sha512-0Pm9hTQ3se5ll1XihRic3FDIku70C+iHUdT/W926rSgHV5QgXsYbKZN8MSC3tJtSkhuROzvsQjAaFENRXr+19A==",
      "dev": true,
      "requires": {
        "inherits": "2.0.3"
      },
      "dependencies": {
        "inherits": {
          "version": "2.0.3",
          "resolved": "https://registry.npmjs.org/inherits/-/inherits-2.0.3.tgz",
          "integrity": "sha1-Yzwsg+PaQqUC9SRmAiSA9CCCYd4=",
          "dev": true
        }
      }
    },
    "util-deprecate": {
      "version": "1.0.2",
      "resolved": "https://registry.npmjs.org/util-deprecate/-/util-deprecate-1.0.2.tgz",
      "integrity": "sha1-RQ1Nyfpw3nMnYvvS1KKJgUGaDM8=",
      "dev": true
    },
    "uuid": {
      "version": "8.3.2",
      "resolved": "https://registry.npmjs.org/uuid/-/uuid-8.3.2.tgz",
      "integrity": "sha512-+NYs2QeMWy+GWFOEm9xnn6HCDp0l7QBD7ml8zLUmJ+93Q5NF0NocErnwkTkXVFNiX3/fpC6afS8Dhb/gz7R7eg=="
    },
    "winston": {
      "version": "3.3.3",
      "resolved": "https://registry.npmjs.org/winston/-/winston-3.3.3.tgz",
      "integrity": "sha512-oEXTISQnC8VlSAKf1KYSSd7J6IWuRPQqDdo8eoRNaYKLvwSb5+79Z3Yi1lrl6KDpU6/VWaxpakDAtb1oQ4n9aw==",
      "dev": true,
      "requires": {
        "@dabh/diagnostics": "^2.0.2",
        "async": "^3.1.0",
        "is-stream": "^2.0.0",
        "logform": "^2.2.0",
        "one-time": "^1.0.0",
        "readable-stream": "^3.4.0",
        "stack-trace": "0.0.x",
        "triple-beam": "^1.3.0",
        "winston-transport": "^4.4.0"
      }
    },
    "winston-transport": {
      "version": "4.4.0",
      "resolved": "https://registry.npmjs.org/winston-transport/-/winston-transport-4.4.0.tgz",
      "integrity": "sha512-Lc7/p3GtqtqPBYYtS6KCN3c77/2QCev51DvcJKbkFPQNoj1sinkGwLGFDxkXY9J6p9+EPnYs+D90uwbnaiURTw==",
      "dev": true,
      "requires": {
        "readable-stream": "^2.3.7",
        "triple-beam": "^1.2.0"
      },
      "dependencies": {
        "readable-stream": {
          "version": "2.3.7",
          "resolved": "https://registry.npmjs.org/readable-stream/-/readable-stream-2.3.7.tgz",
          "integrity": "sha512-Ebho8K4jIbHAxnuxi7o42OrZgF/ZTNcsZj6nRKyUmkhLFq8CHItp/fy6hQZuZmP/n3yZ9VBUbp4zz/mX8hmYPw==",
          "dev": true,
          "requires": {
            "core-util-is": "~1.0.0",
            "inherits": "~2.0.3",
            "isarray": "~1.0.0",
            "process-nextick-args": "~2.0.0",
            "safe-buffer": "~5.1.1",
            "string_decoder": "~1.1.1",
            "util-deprecate": "~1.0.1"
          }
        },
        "safe-buffer": {
          "version": "5.1.2",
          "resolved": "https://registry.npmjs.org/safe-buffer/-/safe-buffer-5.1.2.tgz",
          "integrity": "sha512-Gd2UZBJDkXlY7GbJxfsE8/nvKkUEU1G38c1siN6QP6a9PT9MmHB8GnpscSmMJSoF8LOIrt8ud/wPtojys4G6+g==",
          "dev": true
        },
        "string_decoder": {
          "version": "1.1.1",
          "resolved": "https://registry.npmjs.org/string_decoder/-/string_decoder-1.1.1.tgz",
          "integrity": "sha512-n/ShnvDi6FHbbVfviro+WojiFzv+s8MPMHBczVePfUpDJLwoLT0ht1l4YwBCbi8pJAveEEdnkHyPyTP/mzRfwg==",
          "dev": true,
          "requires": {
            "safe-buffer": "~5.1.0"
          }
        }
      }
    }
  }
}
